# THIS IS AN AUTOGENERATED FILE. DO NOT EDIT THIS FILE DIRECTLY.
# yarn lockfile v1


bootstrap-autocomplete@^2.3.4:
  version "2.3.4"
  resolved "https://registry.yarnpkg.com/bootstrap-autocomplete/-/bootstrap-autocomplete-2.3.4.tgz#6b240beee524269b97f4472ed38f473c3b398363"
  integrity sha512-VroJnE61c9DShfAV0ShVHlv9f+hyuhSStO4E6b/P3HLWXn4Ejeqox8x86xWZL0l8ytxmGPMdYaqKOst1iwCgmg==
